// !$*UTF8*$!
{
	archiveVersion = 1;
	classes = {
	};
	objectVersion = 50;
	objects = {

/* Begin PBXBuildFile section */
		773651FB22F9FD2E00BDA68D /* ContatoDao.m in Sources */ = {isa = PBXBuildFile; fileRef = 773651FA22F9FD2E00BDA68D /* ContatoDao.m */; };
		FD28902322F904350099D434 /* AppDelegate.m in Sources */ = {isa = PBXBuildFile; fileRef = FD28902222F904350099D434 /* AppDelegate.m */; };
		FD28902622F904350099D434 /* ViewController.m in Sources */ = {isa = PBXBuildFile; fileRef = FD28902522F904350099D434 /* ViewController.m */; };
		FD28902922F904350099D434 /* Main.storyboard in Resources */ = {isa = PBXBuildFile; fileRef = FD28902722F904350099D434 /* Main.storyboard */; };
		FD28902C22F904350099D434 /* agendaDeContatos.xcdatamodeld in Sources */ = {isa = PBXBuildFile; fileRef = FD28902A22F904350099D434 /* agendaDeContatos.xcdatamodeld */; };
		FD28902E22F904360099D434 /* Assets.xcassets in Resources */ = {isa = PBXBuildFile; fileRef = FD28902D22F904360099D434 /* Assets.xcassets */; };
		FD28903122F904360099D434 /* LaunchScreen.storyboard in Resources */ = {isa = PBXBuildFile; fileRef = FD28902F22F904360099D434 /* LaunchScreen.storyboard */; };
		FD28903422F904360099D434 /* main.m in Sources */ = {isa = PBXBuildFile; fileRef = FD28903322F904360099D434 /* main.m */; };
		FDD6E94822F90B0E007BC446 /* Contato.m in Sources */ = {isa = PBXBuildFile; fileRef = FDD6E94722F90B0E007BC446 /* Contato.m */; };
		FDD6E94B22F911B8007BC446 /* ListaContatosViewController.m in Sources */ = {isa = PBXBuildFile; fileRef = FDD6E94A22F911B8007BC446 /* ListaContatosViewController.m */; };
		FDD6E94D22F91F92007BC446 /* .gitignore in Resources */ = {isa = PBXBuildFile; fileRef = FDD6E94C22F91F92007BC446 /* .gitignore */; };
/* End PBXBuildFile section */

/* Begin PBXFileReference section */
		773651F922F9FD2E00BDA68D /* ContatoDao.h */ = {isa = PBXFileReference; lastKnownFileType = sourcecode.c.h; path = ContatoDao.h; sourceTree = "<group>"; };
		773651FA22F9FD2E00BDA68D /* ContatoDao.m */ = {isa = PBXFileReference; lastKnownFileType = sourcecode.c.objc; path = ContatoDao.m; sourceTree = "<group>"; };
		FD28901E22F904350099D434 /* agendaDeContatos.app */ = {isa = PBXFileReference; explicitFileType = wrapper.application; includeInIndex = 0; path = agendaDeContatos.app; sourceTree = BUILT_PRODUCTS_DIR; };
		FD28902122F904350099D434 /* AppDelegate.h */ = {isa = PBXFileReference; lastKnownFileType = sourcecode.c.h; path = AppDelegate.h; sourceTree = "<group>"; };
		FD28902222F904350099D434 /* AppDelegate.m */ = {isa = PBXFileReference; lastKnownFileType = sourcecode.c.objc; path = AppDelegate.m; sourceTree = "<group>"; };
		FD28902422F904350099D434 /* ViewController.h */ = {isa = PBXFileReference; lastKnownFileType = sourcecode.c.h; path = ViewController.h; sourceTree = "<group>"; };
		FD28902522F904350099D434 /* ViewController.m */ = {isa = PBXFileReference; lastKnownFileType = sourcecode.c.objc; path = ViewController.m; sourceTree = "<group>"; };
		FD28902822F904350099D434 /* Base */ = {isa = PBXFileReference; lastKnownFileType = file.storyboard; name = Base; path = Base.lproj/Main.storyboard; sourceTree = "<group>"; };
		FD28902B22F904350099D434 /* agendaDeContatos.xcdatamodel */ = {isa = PBXFileReference; lastKnownFileType = wrapper.xcdatamodel; path = agendaDeContatos.xcdatamodel; sourceTree = "<group>"; };
		FD28902D22F904360099D434 /* Assets.xcassets */ = {isa = PBXFileReference; lastKnownFileType = folder.assetcatalog; path = Assets.xcassets; sourceTree = "<group>"; };
		FD28903022F904360099D434 /* Base */ = {isa = PBXFileReference; lastKnownFileType = file.storyboard; name = Base; path = Base.lproj/LaunchScreen.storyboard; sourceTree = "<group>"; };
		FD28903222F904360099D434 /* Info.plist */ = {isa = PBXFileReference; lastKnownFileType = text.plist.xml; path = Info.plist; sourceTree = "<group>"; };
		FD28903322F904360099D434 /* main.m */ = {isa = PBXFileReference; lastKnownFileType = sourcecode.c.objc; path = main.m; sourceTree = "<group>"; };
		FDD6E94622F90B0E007BC446 /* Contato.h */ = {isa = PBXFileReference; lastKnownFileType = sourcecode.c.h; path = Contato.h; sourceTree = "<group>"; };
		FDD6E94722F90B0E007BC446 /* Contato.m */ = {isa = PBXFileReference; lastKnownFileType = sourcecode.c.objc; path = Contato.m; sourceTree = "<group>"; };
		FDD6E94922F911B8007BC446 /* ListaContatosViewController.h */ = {isa = PBXFileReference; lastKnownFileType = sourcecode.c.h; path = ListaContatosViewController.h; sourceTree = "<group>"; };
		FDD6E94A22F911B8007BC446 /* ListaContatosViewController.m */ = {isa = PBXFileReference; lastKnownFileType = sourcecode.c.objc; path = ListaContatosViewController.m; sourceTree = "<group>"; };
		FDD6E94C22F91F92007BC446 /* .gitignore */ = {isa = PBXFileReference; lastKnownFileType = text; path = .gitignore; sourceTree = "<group>"; };
/* End PBXFileReference section */

/* Begin PBXFrameworksBuildPhase section */
		FD28901B22F904350099D434 /* Frameworks */ = {
			isa = PBXFrameworksBuildPhase;
			buildActionMask = 2147483647;
			files = (
			);
			runOnlyForDeploymentPostprocessing = 0;
		};
/* End PBXFrameworksBuildPhase section */

/* Begin PBXGroup section */
		FD28901522F904350099D434 = {
			isa = PBXGroup;
			children = (
				FDD6E94C22F91F92007BC446 /* .gitignore */,
				FD28902022F904350099D434 /* agendaDeContatos */,
				FD28901F22F904350099D434 /* Products */,
			);
			sourceTree = "<group>";
		};
		FD28901F22F904350099D434 /* Products */ = {
			isa = PBXGroup;
			children = (
				FD28901E22F904350099D434 /* agendaDeContatos.app */,
			);
			name = Products;
			sourceTree = "<group>";
		};
		FD28902022F904350099D434 /* agendaDeContatos */ = {
			isa = PBXGroup;
			children = (
				FD28902122F904350099D434 /* AppDelegate.h */,
				FD28902222F904350099D434 /* AppDelegate.m */,
				FD28902422F904350099D434 /* ViewController.h */,
				FD28902522F904350099D434 /* ViewController.m */,
				FDD6E94922F911B8007BC446 /* ListaContatosViewController.h */,
				FDD6E94A22F911B8007BC446 /* ListaContatosViewController.m */,
				FD28902722F904350099D434 /* Main.storyboard */,
				FDD6E94622F90B0E007BC446 /* Contato.h */,
				FDD6E94722F90B0E007BC446 /* Contato.m */,
				FD28902D22F904360099D434 /* Assets.xcassets */,
				FD28902F22F904360099D434 /* LaunchScreen.storyboard */,
				FD28903222F904360099D434 /* Info.plist */,
				FD28903322F904360099D434 /* main.m */,
				FD28902A22F904350099D434 /* agendaDeContatos.xcdatamodeld */,
				773651F922F9FD2E00BDA68D /* ContatoDao.h */,
				773651FA22F9FD2E00BDA68D /* ContatoDao.m */,
			);
			path = agendaDeContatos;
			sourceTree = "<group>";
		};
/* End PBXGroup section */

/* Begin PBXNativeTarget section */
		FD28901D22F904350099D434 /* agendaDeContatos */ = {
			isa = PBXNativeTarget;
			buildConfigurationList = FD28903722F904360099D434 /* Build configuration list for PBXNativeTarget "agendaDeContatos" */;
			buildPhases = (
				FD28901A22F904350099D434 /* Sources */,
				FD28901B22F904350099D434 /* Frameworks */,
				FD28901C22F904350099D434 /* Resources */,
			);
			buildRules = (
			);
			dependencies = (
			);
			name = agendaDeContatos;
			productName = agendaDeContatos;
			productReference = FD28901E22F904350099D434 /* agendaDeContatos.app */;
			productType = "com.apple.product-type.application";
		};
/* End PBXNativeTarget section */

/* Begin PBXProject section */
		FD28901622F904350099D434 /* Project object */ = {
			isa = PBXProject;
			attributes = {
				LastUpgradeCheck = 1030;
				ORGANIZATIONNAME = Filomeno;
				TargetAttributes = {
					FD28901D22F904350099D434 = {
						CreatedOnToolsVersion = 10.3;
					};
				};
			};
			buildConfigurationList = FD28901922F904350099D434 /* Build configuration list for PBXProject "agendaDeContatos" */;
			compatibilityVersion = "Xcode 9.3";
			developmentRegion = en;
			hasScannedForEncodings = 0;
			knownRegions = (
				en,
				Base,
			);
			mainGroup = FD28901522F904350099D434;
			productRefGroup = FD28901F22F904350099D434 /* Products */;
			projectDirPath = "";
			projectRoot = "";
			targets = (
				FD28901D22F904350099D434 /* agendaDeContatos */,
			);
		};
/* End PBXProject section */

/* Begin PBXResourcesBuildPhase section */
		FD28901C22F904350099D434 /* Resources */ = {
			isa = PBXResourcesBuildPhase;
			buildActionMask = 2147483647;
			files = (
				FDD6E94D22F91F92007BC446 /* .gitignore in Resources */,
				FD28903122F904360099D434 /* LaunchScreen.storyboard in Resources */,
				FD28902E22F904360099D434 /* Assets.xcassets in Resources */,
				FD28902922F904350099D434 /* Main.storyboard in Resources */,
			);
			runOnlyForDeploymentPostprocessing = 0;
		};
/* End PBXResourcesBuildPhase section */

/* Begin PBXSourcesBuildPhase section */
		FD28901A22F904350099D434 /* Sources */ = {
			isa = PBXSourcesBuildPhase;
			buildActionMask = 2147483647;
			files = (
				773651FB22F9FD2E00BDA68D /* ContatoDao.m in Sources */,
				FDD6E94822F90B0E007BC446 /* Contato.m in Sources */,
				FDD6E94B22F911B8007BC446 /* ListaContatosViewController.m in Sources */,
				FD28902C22F904350099D434 /* agendaDeContatos.xcdatamodeld in Sources */,
				FD28902622F904350099D434 /* ViewController.m in Sources */,
				FD28903422F904360099D434 /* main.m in Sources */,
				FD28902322F904350099D434 /* AppDelegate.m in Sources */,
			);
			runOnlyForDeploymentPostprocessing = 0;
		};
/* End PBXSourcesBuildPhase section */

/* Begin PBXVariantGroup section */
		FD28902722F904350099D434 /* Main.storyboard */ = {
			isa = PBXVariantGroup;
			children = (
				FD28902822F904350099D434 /* Base */,
			);
			name = Main.storyboard;
			sourceTree = "<group>";
		};
		FD28902F22F904360099D434 /* LaunchScreen.storyboard */ = {
			isa = PBXVariantGroup;
			children = (
				FD28903022F904360099D434 /* Base */,
			);
			name = LaunchScreen.storyboard;
			sourceTree = "<group>";
		};
/* End PBXVariantGroup section */

/* Begin XCBuildConfiguration section */
		FD28903522F904360099D434 /* Debug */ = {
			isa = XCBuildConfiguration;
			buildSettings = {
				ALWAYS_SEARCH_USER_PATHS = NO;
				CLANG_ANALYZER_NONNULL = YES;
				CLANG_ANALYZER_NUMBER_OBJECT_CONVERSION = YES_AGGRESSIVE;
				CLANG_CXX_LANGUAGE_STANDARD = "gnu++14";
				CLANG_CXX_LIBRARY = "libc++";
				CLANG_ENABLE_MODULES = YES;
				CLANG_ENABLE_OBJC_ARC = YES;
				CLANG_ENABLE_OBJC_WEAK = YES;
				CLANG_WARN_BLOCK_CAPTURE_AUTORELEASING = YES;
				CLANG_WARN_BOOL_CONVERSION = YES;
				CLANG_WARN_COMMA = YES;
				CLANG_WARN_CONSTANT_CONVERSION = YES;
				CLANG_WARN_DEPRECATED_OBJC_IMPLEMENTATIONS = YES;
				CLANG_WARN_DIRECT_OBJC_ISA_USAGE = YES_ERROR;
				CLANG_WARN_DOCUMENTATION_COMMENTS = YES;
				CLANG_WARN_EMPTY_BODY = YES;
				CLANG_WARN_ENUM_CONVERSION = YES;
				CLANG_WARN_INFINITE_RECURSION = YES;
				CLANG_WARN_INT_CONVERSION = YES;
				CLANG_WARN_NON_LITERAL_NULL_CONVERSION = YES;
				CLANG_WARN_OBJC_IMPLICIT_RETAIN_SELF = YES;
				CLANG_WARN_OBJC_LITERAL_CONVERSION = YES;
				CLANG_WARN_OBJC_ROOT_CLASS = YES_ERROR;
				CLANG_WARN_RANGE_LOOP_ANALYSIS = YES;
				CLANG_WARN_STRICT_PROTOTYPES = YES;
				CLANG_WARN_SUSPICIOUS_MOVE = YES;
				CLANG_WARN_UNGUARDED_AVAILABILITY = YES_AGGRESSIVE;
				CLANG_WARN_UNREACHABLE_CODE = YES;
				CLANG_WARN__DUPLICATE_METHOD_MATCH = YES;
				CODE_SIGN_IDENTITY = "iPhone Developer";
				COPY_PHASE_STRIP = NO;
				DEBUG_INFORMATION_FORMAT = dwarf;
				ENABLE_STRICT_OBJC_MSGSEND = YES;
				ENABLE_TESTABILITY = YES;
				GCC_C_LANGUAGE_STANDARD = gnu11;
				GCC_DYNAMIC_NO_PIC = NO;
				GCC_NO_COMMON_BLOCKS = YES;
				GCC_OPTIMIZATION_LEVEL = 0;
				GCC_PREPROCESSOR_DEFINITIONS = (
					"DEBUG=1",
					"$(inherited)",
				);
				GCC_WARN_64_TO_32_BIT_CONVERSION = YES;
				GCC_WARN_ABOUT_RETURN_TYPE = YES_ERROR;
				GCC_WARN_UNDECLARED_SELECTOR = YES;
				GCC_WARN_UNINITIALIZED_AUTOS = YES_AGGRESSIVE;
				GCC_WARN_UNUSED_FUNCTION = YES;
				GCC_WARN_UNUSED_VARIABLE = YES;
				IPHONEOS_DEPLOYMENT_TARGET = 12.4;
				MTL_ENABLE_DEBUG_INFO = INCLUDE_SOURCE;
				MTL_FAST_MATH = YES;
				ONLY_ACTIVE_ARCH = YES;
				SDKROOT = iphoneos;
			};
			name = Debug;
		};
		FD28903622F904360099D434 /* Release */ = {
			isa = XCBuildConfiguration;
			buildSettings = {
				ALWAYS_SEARCH_USER_PATHS = NO;
				CLANG_ANALYZER_NONNULL = YES;
				CLANG_ANALYZER_NUMBER_OBJECT_CONVERSION = YES_AGGRESSIVE;
				CLANG_CXX_LANGUAGE_STANDARD = "gnu++14";
				CLANG_CXX_LIBRARY = "libc++";
				CLANG_ENABLE_MODULES = YES;
				CLANG_ENABLE_OBJC_ARC = YES;
				CLANG_ENABLE_OBJC_WEAK = YES;
				CLANG_WARN_BLOCK_CAPTURE_AUTORELEASING = YES;
				CLANG_WARN_BOOL_CONVERSION = YES;
				CLANG_WARN_COMMA = YES;
				CLANG_WARN_CONSTANT_CONVERSION = YES;
				CLANG_WARN_DEPRECATED_OBJC_IMPLEMENTATIONS = YES;
				CLANG_WARN_DIRECT_OBJC_ISA_USAGE = YES_ERROR;
				CLANG_WARN_DOCUMENTATION_COMMENTS = YES;
				CLANG_WARN_EMPTY_BODY = YES;
				CLANG_WARN_ENUM_CONVERSION = YES;
				CLANG_WARN_INFINITE_RECURSION = YES;
				CLANG_WARN_INT_CONVERSION = YES;
				CLANG_WARN_NON_LITERAL_NULL_CONVERSION = YES;
				CLANG_WARN_OBJC_IMPLICIT_RETAIN_SELF = YES;
				CLANG_WARN_OBJC_LITERAL_CONVERSION = YES;
				CLANG_WARN_OBJC_ROOT_CLASS = YES_ERROR;
				CLANG_WARN_RANGE_LOOP_ANALYSIS = YES;
				CLANG_WARN_STRICT_PROTOTYPES = YES;
				CLANG_WARN_SUSPICIOUS_MOVE = YES;
				CLANG_WARN_UNGUARDED_AVAILABILITY = YES_AGGRESSIVE;
				CLANG_WARN_UNREACHABLE_CODE = YES;
				CLANG_WARN__DUPLICATE_METHOD_MATCH = YES;
				CODE_SIGN_IDENTITY = "iPhone Developer";
				COPY_PHASE_STRIP = NO;
				DEBUG_INFORMATION_FORMAT = "dwarf-with-dsym";
				ENABLE_NS_ASSERTIONS = NO;
				ENABLE_STRICT_OBJC_MSGSEND = YES;
				GCC_C_LANGUAGE_STANDARD = gnu11;
				GCC_NO_COMMON_BLOCKS = YES;
				GCC_WARN_64_TO_32_BIT_CONVERSION = YES;
				GCC_WARN_ABOUT_RETURN_TYPE = YES_ERROR;
				GCC_WARN_UNDECLARED_SELECTOR = YES;
				GCC_WARN_UNINITIALIZED_AUTOS = YES_AGGRESSIVE;
				GCC_WARN_UNUSED_FUNCTION = YES;
				GCC_WARN_UNUSED_VARIABLE = YES;
				IPHONEOS_DEPLOYMENT_TARGET = 12.4;
				MTL_ENABLE_DEBUG_INFO = NO;
				MTL_FAST_MATH = YES;
				SDKROOT = iphoneos;
				VALIDATE_PRODUCT = YES;
			};
			name = Release;
		};
		FD28903822F904360099D434 /* Debug */ = {
			isa = XCBuildConfiguration;
			buildSettings = {
				ASSETCATALOG_COMPILER_APPICON_NAME = AppIcon;
				CODE_SIGN_STYLE = Automatic;
				DEVELOPMENT_TEAM = S7Z9E7AHN7;
				INFOPLIST_FILE = agendaDeContatos/Info.plist;
				IPHONEOS_DEPLOYMENT_TARGET = 9.0;
				LD_RUNPATH_SEARCH_PATHS = (
					"$(inherited)",
					"@executable_path/Frameworks",
				);
				PRODUCT_BUNDLE_IDENTIFIER = "br.edu.infnet.al-rodrigo.filomeno.agendaDeContatos";
				PRODUCT_NAME = "$(TARGET_NAME)";
				TARGETED_DEVICE_FAMILY = "1,2";
			};
			name = Debug;
		};
		FD28903922F904360099D434 /* Release */ = {
			isa = XCBuildConfiguration;
			buildSettings = {
				ASSETCATALOG_COMPILER_APPICON_NAME = AppIcon;
				CODE_SIGN_STYLE = Automatic;
				DEVELOPMENT_TEAM = S7Z9E7AHN7;
				INFOPLIST_FILE = agendaDeContatos/Info.plist;
				IPHONEOS_DEPLOYMENT_TARGET = 9.0;
				LD_RUNPATH_SEARCH_PATHS = (
					"$(inherited)",
					"@executable_path/Frameworks",
				);
				PRODUCT_BUNDLE_IDENTIFIER = "br.edu.infnet.al-rodrigo.filomeno.agendaDeContatos";
				PRODUCT_NAME = "$(TARGET_NAME)";
				TARGETED_DEVICE_FAMILY = "1,2";
			};
			name = Release;
		};
/* End XCBuildConfiguration section */

/* Begin XCConfigurationList section */
		FD28901922F904350099D434 /* Build configuration list for PBXProject "agendaDeContatos" */ = {
			isa = XCConfigurationList;
			buildConfigurations = (
				FD28903522F904360099D434 /* Debug */,
				FD28903622F904360099D434 /* Release */,
			);
			defaultConfigurationIsVisible = 0;
			defaultConfigurationName = Release;
		};
		FD28903722F904360099D434 /* Build configuration list for PBXNativeTarget "agendaDeContatos" */ = {
			isa = XCConfigurationList;
			buildConfigurations = (
				FD28903822F904360099D434 /* Debug */,
				FD28903922F904360099D434 /* Release */,
			);
			defaultConfigurationIsVisible = 0;
			defaultConfigurationName = Release;
		};
/* End XCConfigurationList section */

/* Begin XCVersionGroup section */
		FD28902A22F904350099D434 /* agendaDeContatos.xcdatamodeld */ = {
			isa = XCVersionGroup;
			children = (
				FD28902B22F904350099D434 /* agendaDeContatos.xcdatamodel */,
			);
			currentVersion = FD28902B22F904350099D434 /* agendaDeContatos.xcdatamodel */;
			path = agendaDeContatos.xcdatamodeld;
			sourceTree = "<group>";
			versionGroupType = wrapper.xcdatamodel;
		};
/* End XCVersionGroup section */
	};
	rootObject = FD28901622F904350099D434 /* Project object */;
}
